
Microsoft Visual Studio Solution File, Format Version 12.00
# Visual Studio 15
Project("{FAE04EC0-301F-11D3-BF4B-00C04F79EFBC}") = "Assembly-CSharp", "Assembly-CSharp.csproj", "{5C03794F-E396-3BEE-C764-32A693736FFD}"
EndProject
Project("{FAE04EC0-301F-11D3-BF4B-00C04F79EFBC}") = "Assembly-CSharp-Editor", "Assembly-CSharp-Editor.csproj", "{0C61DB12-F300-686C-E09A-BEA314EE81B6}"
EndProject
Global
	GlobalSection(SolutionConfigurationPlatforms) = preSolution
		Debug|Any CPU = Debug|Any CPU
		Release|Any CPU = Release|Any CPU
	EndGlobalSection
	GlobalSection(ProjectConfigurationPlatforms) = postSolution
		{5C03794F-E396-3BEE-C764-32A693736FFD}.Debug|Any CPU.ActiveCfg = Debug|Any CPU
		{5C03794F-E396-3BEE-C764-32A693736FFD}.Debug|Any CPU.Build.0 = Debug|Any CPU
		{5C03794F-E396-3BEE-C764-32A693736FFD}.Release|Any CPU.ActiveCfg = Release|Any CPU
		{5C03794F-E396-3BEE-C764-32A693736FFD}.Release|Any CPU.Build.0 = Release|Any CPU
		{0C61DB12-F300-686C-E09A-BEA314EE81B6}.Debug|Any CPU.ActiveCfg = Debug|Any CPU
		{0C61DB12-F300-686C-E09A-BEA314EE81B6}.Debug|Any CPU.Build.0 = Debug|Any CPU
		{0C61DB12-F300-686C-E09A-BEA314EE81B6}.Release|Any CPU.ActiveCfg = Release|Any CPU
		{0C61DB12-F300-686C-E09A-BEA314EE81B6}.Release|Any CPU.Build.0 = Release|Any CPU
	EndGlobalSection
	GlobalSection(SolutionProperties) = preSolution
		HideSolutionNode = FALSE
	EndGlobalSection
EndGlobal
